# THIS IS AN AUTOGENERATED FILE. DO NOT EDIT THIS FILE DIRECTLY.
# yarn lockfile v1


dns2@^2.0.1:
  version "2.0.1"
  resolved "https://registry.yarnpkg.com/dns2/-/dns2-2.0.1.tgz#030676e6367ba08e78257fad82884b0362e86adf"
  integrity sha512-jHRTCcS2h/MEQjhcCnOWGENtz5A4RrLoK1YFqlHCejGfK5zYu99C8cxVwTsIY7JUqolhDN8zuGlyqnbEe6azqg==

kelp-body@*:
  version "1.4.3"
  resolved "https://registry.yarnpkg.com/kelp-body/-/kelp-body-1.4.3.tgz#268e7f5766870aae792705ac9001360203ea38b6"
  integrity sha512-tBTgSIxP+NhISv2A04x9q75LQLSFBw3HaJLC3cu8aQrHuTzjY5Ue1j3jWGseO8lB4XITTj6VtMbZVhiOM7uYhA==
  dependencies:
    mime2 latest

kelp-controller@^0.0.1:
  version "0.0.1"
  resolved "https://registry.yarnpkg.com/kelp-controller/-/kelp-controller-0.0.1.tgz#fc5bfdb4672c27f58d563adc07c4bc75ece1f235"
  integrity sha512-q9KKGQ7jgGiwcUYXZD6tHzbHzVL+kqN0+V1sbU/eSTpjypsdOglMtCz8VSdDazm1OkDjtHUbcQwQJ/bT0GeZRg==
  dependencies:
    kelp-cookie "*"
    kelp-send "*"
    negotiator "*"

kelp-cookie@*:
  version "1.0.6"
  resolved "https://registry.yarnpkg.com/kelp-cookie/-/kelp-cookie-1.0.6.tgz#9845bcde38dccb882b26c1d90793291ccdec375d"
  integrity sha512-L4jEcT4aNAvC+05S9jRdMIgTwYH9IIQiCXIdlCbYL9YyGlQDq6R0QDAMi2BnWN0uV23um59YaM4KXxK7gnsFww==

kelp-error@*:
  version "0.0.6"
  resolved "https://registry.yarnpkg.com/kelp-error/-/kelp-error-0.0.6.tgz#e57d429acc9581d14d95edaaa66a36ef206670f9"
  integrity sha512-MR6xLHs3mgl9h2iHv0W91zZZFFCO6mlm4xaQi9BgJaYWpAJMiEbi9VCdyUB34Q8UgcX+F8ng8nYXu7VoJjw3wA==
  dependencies:
    superror latest

kelp-logger@*:
  version "1.1.0"
  resolved "https://registry.yarnpkg.com/kelp-logger/-/kelp-logger-1.1.0.tgz#08e83e67ac42997b55a6560a78f5888e2c90426d"
  integrity sha1-COg+Z6xCmXtVplYKePWIjiyQQm0=

kelp-router@*:
  version "0.0.3"
  resolved "https://registry.yarnpkg.com/kelp-router/-/kelp-router-0.0.3.tgz#53d66a02a88161c325414bc2f097e6eca3de3284"
  integrity sha512-S4ZzVbUkeY2f0JIYqZUuImeihdq3nJJOOiB1IcO1JWli6FlhTCeptqtrSvaLHNf85/0LmDcDR2kMHoYRRgP5pQ==
  dependencies:
    routing2 next

kelp-send@*:
  version "1.0.6"
  resolved "https://registry.yarnpkg.com/kelp-send/-/kelp-send-1.0.6.tgz#2fceeb42ab2db111665e0c840a4be48ba3a95530"
  integrity sha512-eGb39z1ZHsFdE+3tc2E3LhlCYsG5ySAETvV1GFOe3Y8/V2GlkcF2BmRV61Wl4YSioL1iF2LMaftMioIaLPun1A==

kelp-server@^0.0.3:
  version "0.0.3"
  resolved "https://registry.yarnpkg.com/kelp-server/-/kelp-server-0.0.3.tgz#c4874e809922f98a54abc1b723fb3aaaad21f49f"
  integrity sha512-1iJLFuQ1DIVnll1eJpMbmfKaV7bVuMhymUJxZ4/CEAL/XQwDWDkqrk6HrbENxIzcghZ2aM6b7EaJNiOjINVr2A==
  dependencies:
    kelp "*"
    kelp-body "*"
    kelp-controller "^0.0.1"
    kelp-error "*"
    kelp-logger "*"
    kelp-router "*"
    kelp-send "*"
    routing2 "*"

kelp@*:
  version "2.0.2"
  resolved "https://registry.yarnpkg.com/kelp/-/kelp-2.0.2.tgz#62e47e6f18ed02e0acbde56008d96e4157d25260"
  integrity sha512-7Vn+GnDC4RsNr4KcWmvqs1L8jt2GymDqYdghv9OkScPaTPwgRfntrxqE/QO9eUXIM49f4g4edLIQPtwpyOZ4jw==

mime2@latest:
  version "0.0.11"
  resolved "https://registry.yarnpkg.com/mime2/-/mime2-0.0.11.tgz#ae75a1386114ffd51d9e97c481464318e97d87c5"
  integrity sha512-Ch599Y8U4vUgG9AaQgLEnIdXRRLoZPfjAdWFDLYePBEJS1nsS43H2pzbZn0u8lkbYx+yInuKxLsUEgM3fa9ZLQ==

negotiator@*:
  version "0.6.2"
  resolved "https://registry.yarnpkg.com/negotiator/-/negotiator-0.6.2.tgz#feacf7ccf525a77ae9634436a64883ffeca346fb"
  integrity sha512-hZXc7K2e+PgeI1eDBe/10Ard4ekbfrrqG8Ep+8Jmf4JID2bNg7NvCPOZN+kfF574pFQI7mum2AUqDidoKqcTOw==

routing2@*:
  version "0.0.15"
  resolved "https://registry.yarnpkg.com/routing2/-/routing2-0.0.15.tgz#5144e42b8307e0adc30c2f50cf766c79fc999347"
  integrity sha512-gMPyBAJWHdO5PvEElvxxuthF85ARA1dt4VH9262Y3a83sMHVScFTK1wwlZlEFZf8eaJr2UxHAPyZETwLaXUmxw==

routing2@next:
  version "0.0.9"
  resolved "https://registry.yarnpkg.com/routing2/-/routing2-0.0.9.tgz#321ad163c20072ab955f58a046a21ee6f3142da0"
  integrity sha512-BKc7UenfjcCl9szm242hdN4q1VWqsCHZUJiwBrJCp+TmIpR7RyrEsQwDD0ByS8RBXpUEatynya6tEH6w+8Dy0Q==

superror@latest:
  version "0.0.1"
  resolved "https://registry.yarnpkg.com/superror/-/superror-0.0.1.tgz#6d1ad9310ddfbd2960eeaec83f36f5f608572d0a"
  integrity sha512-a/KMm+y0aXYio4U3aRsaitUl2hFFzciyKg46yo5wOp67h5opUAJ0IIY+b6mET3pMWY0Pxhq6FajyoElHCCZmww==
